
Microsoft Visual Studio Solution File, Format Version 12.00
# Visual Studio Version 16
VisualStudioVersion = 16.0.30523.141
MinimumVisualStudioVersion = 10.0.40219.1
Project("{9A19103F-16F7-4668-BE54-9A1E7A4F7556}") = "WinformsWpfInterop", "WinformsWpfInterop\WinformsWpfInterop.csproj", "{B975BAF9-8115-4EE8-9EE9-4EC58AD7CF77}"
EndProject
Project("{FAE04EC0-301F-11D3-BF4B-00C04F79EFBC}") = "InteropControls", "Controls\InteropControls.csproj", "{A348E0FC-4341-4B0C-B388-7B0C024D8650}"
EndProject
Global
	GlobalSection(SolutionConfigurationPlatforms) = preSolution
		Debug|Any CPU = Debug|Any CPU
		Release|Any CPU = Release|Any CPU
	EndGlobalSection
	GlobalSection(ProjectConfigurationPlatforms) = postSolution
		{B975BAF9-8115-4EE8-9EE9-4EC58AD7CF77}.Debug|Any CPU.ActiveCfg = Debug|Any CPU
		{B975BAF9-8115-4EE8-9EE9-4EC58AD7CF77}.Debug|Any CPU.Build.0 = Debug|Any CPU
		{B975BAF9-8115-4EE8-9EE9-4EC58AD7CF77}.Release|Any CPU.ActiveCfg = Release|Any CPU
		{B975BAF9-8115-4EE8-9EE9-4EC58AD7CF77}.Release|Any CPU.Build.0 = Release|Any CPU
		{A348E0FC-4341-4B0C-B388-7B0C024D8650}.Debug|Any CPU.ActiveCfg = Debug|Any CPU
		{A348E0FC-4341-4B0C-B388-7B0C024D8650}.Debug|Any CPU.Build.0 = Debug|Any CPU
		{A348E0FC-4341-4B0C-B388-7B0C024D8650}.Release|Any CPU.ActiveCfg = Release|Any CPU
		{A348E0FC-4341-4B0C-B388-7B0C024D8650}.Release|Any CPU.Build.0 = Release|Any CPU
	EndGlobalSection
	GlobalSection(SolutionProperties) = preSolution
		HideSolutionNode = FALSE
	EndGlobalSection
	GlobalSection(ExtensibilityGlobals) = postSolution
		SolutionGuid = {0E104E81-D919-4FDF-9494-BD20BDC8A0B3}
	EndGlobalSection
EndGlobal
